<?xml version="1.0" encoding="utf-8"?>
<Project ToolsVersion="4.0" xmlns="http://schemas.microsoft.com/developer/msbuild/2003">
  <ItemGroup>
    <Filter Include="Header Files">
      <UniqueIdentifier>{93995380-89BD-4b04-88EB-625FBE52EBFB}</UniqueIdentifier>
      <Extensions>h;hpp;hxx;hm;inl;inc;xsd</Extensions>
    </Filter>
    <Filter Include="Source Files">
      <UniqueIdentifier>{4FC737F1-C7A5-4376-A066-2A32D752A2FF}</UniqueIdentifier>
      <Extensions>cpp;c;cc;cxx;def;odl;idl;hpj;bat;asm;asmx</Extensions>
    </Filter>
    <Filter Include="Resource  Files">
      <UniqueIdentifier>{67DA6AB6-F800-4c08-8B7A-83BB121AAD01}</UniqueIdentifier>
      <Extensions>rc;ico;cur;bmp;dlg;rc2;rct;bin;rgs;gif;jpg;jpeg;jpe;resx;tiff;tif;png;wav;mfcribbon-ms</Extensions>
    </Filter>
    <Filter Include="Doc">
      <UniqueIdentifier>{3413a73f-b88c-4eaa-9b20-9bbdcc04b7d7}</UniqueIdentifier>
    </Filter>
    <Filter Include="ThirdParty">
      <UniqueIdentifier>{c8fd362e-ca9f-4919-afea-d81bf97e4da6}</UniqueIdentifier>
    </Filter>
    <Filter Include="Utils">
      <UniqueIdentifier>{9d3eefdc-2e9f-4e3c-9d98-0481c0e1d829}</UniqueIdentifier>
    </Filter>
    <Filter Include="License Files">
      <UniqueIdentifier>{06fdb547-c7d9-4465-9155-05f96ef931f8}</UniqueIdentifier>
    </Filter>
    <Filter Include="Property Files">
      <UniqueIdentifier>{2255e328-0cf2-4196-86ac-a40ed75d38e3}</UniqueIdentifier>
    </Filter>
    <Filter Include="Skin Files">
      <UniqueIdentifier>{2411b997-2b3c-4186-b7fd-c4f6b3a4628f}</UniqueIdentifier>
    </Filter>
  </ItemGroup>
  <ItemGroup>
    <None Include="small.ico">
      <Filter>Resource  Files</Filter>
    </None>
    <None Include="DuiCreator.ico">
      <Filter>Resource  Files</Filter>
    </None>
  </ItemGroup>
  <ItemGroup>
    <ClInclude Include="stdafx.h">
      <Filter>Header Files</Filter>
    </ClInclude>
    <ClInclude Include="targetver.h">
      <Filter>Header Files</Filter>
    </ClInclude>
    <ClInclude Include="Resource.h">
      <Filter>Header Files</Filter>
    </ClInclude>
    <ClInclude Include="DuiCreator.h">
      <Filter>Header Files</Filter>
    </ClInclude>
  </ItemGroup>
  <ItemGroup>
    <ClCompile Include="stdafx.cpp">
      <Filter>Source Files</Filter>
    </ClCompile>
    <ClCompile Include="DuiCreator.cpp">
      <Filter>Source Files</Filter>
    </ClCompile>
  </ItemGroup>
  <ItemGroup>
    <ResourceCompile Include="DuiCreator.rc">
      <Filter>Resource  Files</Filter>
    </ResourceCompile>
  </ItemGroup>
</Project>